%{"cauldron": {:hex, :cauldron, "0.1.5"},
  "exts": {:hex, :exts, "0.2.2"},
  "floki": {:hex, :floki, "0.0.5"},
  "hackney": {:hex, :hackney, "1.3.2"},
  "httpoison": {:hex, :httpoison, "0.7.4"},
  "httprot": {:hex, :httprot, "0.1.6"},
  "idna": {:hex, :idna, "1.0.2"},
  "lingex": {:git, "https://github.com/mt-inside/lingex.git", "7035739b596904029d54edd8197e057e6020c73f", []},
  "reagent": {:hex, :reagent, "0.1.5"},
  "socket": {:hex, :socket, "0.2.8"},
  "ssl_verify_hostname": {:hex, :ssl_verify_hostname, "1.0.5"}}
